
Microsoft Visual Studio Solution File, Format Version 12.00
# Visual Studio Version 16
VisualStudioVersion = 16.0.31410.357
MinimumVisualStudioVersion = 10.0.40219.1
Project("{FAE04EC0-301F-11D3-BF4B-00C04F79EFBC}") = "SentimentAnalysisWebAPI", "SentimentAnalysisWebAPI.csproj", "{8DF33809-109E-4DF2-8652-5122F480BBBB}"
EndProject
Global
	GlobalSection(SolutionConfigurationPlatforms) = preSolution
		Debug|Any CPU = Debug|Any CPU
		Release|Any CPU = Release|Any CPU
	EndGlobalSection
	GlobalSection(ProjectConfigurationPlatforms) = postSolution
		{8DF33809-109E-4DF2-8652-5122F480BBBB}.Debug|Any CPU.ActiveCfg = Debug|Any CPU
		{8DF33809-109E-4DF2-8652-5122F480BBBB}.Debug|Any CPU.Build.0 = Debug|Any CPU
		{8DF33809-109E-4DF2-8652-5122F480BBBB}.Release|Any CPU.ActiveCfg = Release|Any CPU
		{8DF33809-109E-4DF2-8652-5122F480BBBB}.Release|Any CPU.Build.0 = Release|Any CPU
	EndGlobalSection
	GlobalSection(SolutionProperties) = preSolution
		HideSolutionNode = FALSE
	EndGlobalSection
	GlobalSection(ExtensibilityGlobals) = postSolution
		SolutionGuid = {8E6A52D7-1C6A-44B5-9645-2472369FA8FA}
	EndGlobalSection
EndGlobal
